# @generated by Move, please check-in and do not edit manually.

[move]
version = 3
manifest_digest = "CB0F8C13DC566FC66383AF1E48BF5DB9C36D2E9FD491EE70242723E5583921FD"
deps_digest = "F8BBB0CCB2491CA29A3DF03D6F92277A4F3574266507ACD77214D37ECA3F3082"
dependencies = [
  { id = "Sui", name = "Sui" },
]

[[move.package]]
id = "MoveStdlib"
source = { git = "https://github.com/MystenLabs/sui.git", rev = "framework/testnet", subdir = "crates/sui-framework/packages/move-stdlib" }

[[move.package]]
id = "Sui"
source = { git = "https://github.com/MystenLabs/sui.git", rev = "framework/testnet", subdir = "crates/sui-framework/packages/sui-framework" }

dependencies = [
  { id = "MoveStdlib", name = "MoveStdlib" },
]

[move.toolchain-version]
compiler-version = "1.46.1"
edition = "2024.beta"
flavor = "sui"

[env]

[env.testnet]
chain-id = "4c78adac"
original-published-id = "0x566de8df2e21ef871ddf8833fff623b3e352b168257a07318a20da4c78588b4e"
latest-published-id = "0x566de8df2e21ef871ddf8833fff623b3e352b168257a07318a20da4c78588b4e"
published-version = "1"
